
Microsoft Visual Studio Solution File, Format Version 12.00
# Visual Studio Version 16
VisualStudioVersion = 16.0.30002.166
MinimumVisualStudioVersion = 10.0.40219.1
Project("{FAE04EC0-301F-11D3-BF4B-00C04F79EFBC}") = "GameCore", "GameCore\GameCore.csproj", "{FAD0EE24-A41B-4D5E-9B33-DAD9ECF1D54C}"
EndProject
Project("{FAE04EC0-301F-11D3-BF4B-00C04F79EFBC}") = "GameCore.Specs", "GameCore.Specs\GameCore.Specs.csproj", "{221B42B8-3E9F-474E-AD3B-8D4633F17FD0}"
EndProject
Global
	GlobalSection(SolutionConfigurationPlatforms) = preSolution
		Debug|Any CPU = Debug|Any CPU
		Release|Any CPU = Release|Any CPU
	EndGlobalSection
	GlobalSection(ProjectConfigurationPlatforms) = postSolution
		{FAD0EE24-A41B-4D5E-9B33-DAD9ECF1D54C}.Debug|Any CPU.ActiveCfg = Debug|Any CPU
		{FAD0EE24-A41B-4D5E-9B33-DAD9ECF1D54C}.Debug|Any CPU.Build.0 = Debug|Any CPU
		{FAD0EE24-A41B-4D5E-9B33-DAD9ECF1D54C}.Release|Any CPU.ActiveCfg = Release|Any CPU
		{FAD0EE24-A41B-4D5E-9B33-DAD9ECF1D54C}.Release|Any CPU.Build.0 = Release|Any CPU
		{221B42B8-3E9F-474E-AD3B-8D4633F17FD0}.Debug|Any CPU.ActiveCfg = Debug|Any CPU
		{221B42B8-3E9F-474E-AD3B-8D4633F17FD0}.Debug|Any CPU.Build.0 = Debug|Any CPU
		{221B42B8-3E9F-474E-AD3B-8D4633F17FD0}.Release|Any CPU.ActiveCfg = Release|Any CPU
		{221B42B8-3E9F-474E-AD3B-8D4633F17FD0}.Release|Any CPU.Build.0 = Release|Any CPU
	EndGlobalSection
	GlobalSection(SolutionProperties) = preSolution
		HideSolutionNode = FALSE
	EndGlobalSection
	GlobalSection(ExtensibilityGlobals) = postSolution
		SolutionGuid = {22F05B1A-6EDC-47A1-8793-D1E3C504FA63}
	EndGlobalSection
EndGlobal
